
Microsoft Visual Studio Solution File, Format Version 12.00
# Visual Studio 15
VisualStudioVersion = 15.0.28010.2036
MinimumVisualStudioVersion = 10.0.40219.1
Project("{FAE04EC0-301F-11D3-BF4B-00C04F79EFBC}") = "MontoReportes", "MontoReportes\MontoReportes.csproj", "{06214560-A9A7-41A0-BADF-A5C07D9BA1DA}"
EndProject
Global
	GlobalSection(SolutionConfigurationPlatforms) = preSolution
		Debug|Any CPU = Debug|Any CPU
		Release|Any CPU = Release|Any CPU
	EndGlobalSection
	GlobalSection(ProjectConfigurationPlatforms) = postSolution
		{06214560-A9A7-41A0-BADF-A5C07D9BA1DA}.Debug|Any CPU.ActiveCfg = Debug|Any CPU
		{06214560-A9A7-41A0-BADF-A5C07D9BA1DA}.Debug|Any CPU.Build.0 = Debug|Any CPU
		{06214560-A9A7-41A0-BADF-A5C07D9BA1DA}.Release|Any CPU.ActiveCfg = Release|Any CPU
		{06214560-A9A7-41A0-BADF-A5C07D9BA1DA}.Release|Any CPU.Build.0 = Release|Any CPU
	EndGlobalSection
	GlobalSection(SolutionProperties) = preSolution
		HideSolutionNode = FALSE
	EndGlobalSection
	GlobalSection(ExtensibilityGlobals) = postSolution
		SolutionGuid = {DE89B635-A375-4068-8B5A-59F1E354EE8B}
	EndGlobalSection
EndGlobal
